
Microsoft Visual Studio Solution File, Format Version 12.00
Project("{FAE04EC0-301F-11D3-BF4B-00C04F79EFBC}") = "Felna.Browser.DocumentObjectModel", "Felna.Browser.DocumentObjectModel\Felna.Browser.DocumentObjectModel.csproj", "{AB1D5C25-72AA-4744-B721-B5C311AF627F}"
EndProject
Project("{FAE04EC0-301F-11D3-BF4B-00C04F79EFBC}") = "Felna.Browser.Parsing.Tokens", "Felna.Browser.Parsing.Tokens\Felna.Browser.Parsing.Tokens.csproj", "{08DD95D0-735E-4F54-9445-DE108945DF62}"
EndProject
Project("{FAE04EC0-301F-11D3-BF4B-00C04F79EFBC}") = "Felna.Browser.Parsing.Interfaces", "Felna.Browser.Parsing.Interfaces\Felna.Browser.Parsing.Interfaces.csproj", "{5DF82106-40D0-4403-9C19-2A1D760D018C}"
EndProject
Project("{FAE04EC0-301F-11D3-BF4B-00C04F79EFBC}") = "Felna.Browser.Parsing.Text", "Felna.Browser.Parsing.Text\Felna.Browser.Parsing.Text.csproj", "{DF062BD9-C040-4B3A-A6D8-804B1906AE81}"
EndProject
Project("{FAE04EC0-301F-11D3-BF4B-00C04F79EFBC}") = "Felna.Browser.Parsing.Streams", "Felna.Browser.Parsing.Streams\Felna.Browser.Parsing.Streams.csproj", "{1B5642E0-E99B-41B2-A022-1480C9D6A2A7}"
EndProject
Project("{FAE04EC0-301F-11D3-BF4B-00C04F79EFBC}") = "Felna.Browser.Parsing.TokenGeneration", "Felna.Browser.Parsing.TokenGeneration\Felna.Browser.Parsing.TokenGeneration.csproj", "{0A54BA5E-4F50-49D9-B930-8A3BD032CBBF}"
EndProject
Project("{FAE04EC0-301F-11D3-BF4B-00C04F79EFBC}") = "Felna.Browser.Parsing.DocumentGeneration", "Felna.Browser.Parsing.DocumentGeneration\Felna.Browser.Parsing.DocumentGeneration.csproj", "{5BD435AF-E7D3-4CEE-A6FD-F1D422DACBE9}"
EndProject
Project("{FAE04EC0-301F-11D3-BF4B-00C04F79EFBC}") = "Felna.Browser.Parsing.DocumentGeneration.Tests", "Felna.Browser.Parsing.DocumentGeneration.Tests\Felna.Browser.Parsing.DocumentGeneration.Tests.csproj", "{9F68FC24-6F32-47C3-B2D4-C7ABB9E0A72A}"
EndProject
Project("{FAE04EC0-301F-11D3-BF4B-00C04F79EFBC}") = "Felna.Browser.Parsing.TokenGeneration.Tests", "Felna.Browser.Parsing.TokenGeneration.Tests\Felna.Browser.Parsing.TokenGeneration.Tests.csproj", "{796D9F88-2E28-4654-8E6E-AA371DCA2896}"
EndProject
Project("{FAE04EC0-301F-11D3-BF4B-00C04F79EFBC}") = "Felna.Browser.Parsing.Streams.Tests", "Felna.Browser.Parsing.Streams.Tests\Felna.Browser.Parsing.Streams.Tests.csproj", "{E86DC314-5F8C-4186-A7E2-5D583E293553}"
EndProject
Global
	GlobalSection(SolutionConfigurationPlatforms) = preSolution
		Debug|Any CPU = Debug|Any CPU
		Release|Any CPU = Release|Any CPU
	EndGlobalSection
	GlobalSection(ProjectConfigurationPlatforms) = postSolution
		{AB1D5C25-72AA-4744-B721-B5C311AF627F}.Debug|Any CPU.ActiveCfg = Debug|Any CPU
		{AB1D5C25-72AA-4744-B721-B5C311AF627F}.Debug|Any CPU.Build.0 = Debug|Any CPU
		{AB1D5C25-72AA-4744-B721-B5C311AF627F}.Release|Any CPU.ActiveCfg = Release|Any CPU
		{AB1D5C25-72AA-4744-B721-B5C311AF627F}.Release|Any CPU.Build.0 = Release|Any CPU
		{08DD95D0-735E-4F54-9445-DE108945DF62}.Debug|Any CPU.ActiveCfg = Debug|Any CPU
		{08DD95D0-735E-4F54-9445-DE108945DF62}.Debug|Any CPU.Build.0 = Debug|Any CPU
		{08DD95D0-735E-4F54-9445-DE108945DF62}.Release|Any CPU.ActiveCfg = Release|Any CPU
		{08DD95D0-735E-4F54-9445-DE108945DF62}.Release|Any CPU.Build.0 = Release|Any CPU
		{5DF82106-40D0-4403-9C19-2A1D760D018C}.Debug|Any CPU.ActiveCfg = Debug|Any CPU
		{5DF82106-40D0-4403-9C19-2A1D760D018C}.Debug|Any CPU.Build.0 = Debug|Any CPU
		{5DF82106-40D0-4403-9C19-2A1D760D018C}.Release|Any CPU.ActiveCfg = Release|Any CPU
		{5DF82106-40D0-4403-9C19-2A1D760D018C}.Release|Any CPU.Build.0 = Release|Any CPU
		{DF062BD9-C040-4B3A-A6D8-804B1906AE81}.Debug|Any CPU.ActiveCfg = Debug|Any CPU
		{DF062BD9-C040-4B3A-A6D8-804B1906AE81}.Debug|Any CPU.Build.0 = Debug|Any CPU
		{DF062BD9-C040-4B3A-A6D8-804B1906AE81}.Release|Any CPU.ActiveCfg = Release|Any CPU
		{DF062BD9-C040-4B3A-A6D8-804B1906AE81}.Release|Any CPU.Build.0 = Release|Any CPU
		{1B5642E0-E99B-41B2-A022-1480C9D6A2A7}.Debug|Any CPU.ActiveCfg = Debug|Any CPU
		{1B5642E0-E99B-41B2-A022-1480C9D6A2A7}.Debug|Any CPU.Build.0 = Debug|Any CPU
		{1B5642E0-E99B-41B2-A022-1480C9D6A2A7}.Release|Any CPU.ActiveCfg = Release|Any CPU
		{1B5642E0-E99B-41B2-A022-1480C9D6A2A7}.Release|Any CPU.Build.0 = Release|Any CPU
		{0A54BA5E-4F50-49D9-B930-8A3BD032CBBF}.Debug|Any CPU.ActiveCfg = Debug|Any CPU
		{0A54BA5E-4F50-49D9-B930-8A3BD032CBBF}.Debug|Any CPU.Build.0 = Debug|Any CPU
		{0A54BA5E-4F50-49D9-B930-8A3BD032CBBF}.Release|Any CPU.ActiveCfg = Release|Any CPU
		{0A54BA5E-4F50-49D9-B930-8A3BD032CBBF}.Release|Any CPU.Build.0 = Release|Any CPU
		{5BD435AF-E7D3-4CEE-A6FD-F1D422DACBE9}.Debug|Any CPU.ActiveCfg = Debug|Any CPU
		{5BD435AF-E7D3-4CEE-A6FD-F1D422DACBE9}.Debug|Any CPU.Build.0 = Debug|Any CPU
		{5BD435AF-E7D3-4CEE-A6FD-F1D422DACBE9}.Release|Any CPU.ActiveCfg = Release|Any CPU
		{5BD435AF-E7D3-4CEE-A6FD-F1D422DACBE9}.Release|Any CPU.Build.0 = Release|Any CPU
		{9F68FC24-6F32-47C3-B2D4-C7ABB9E0A72A}.Debug|Any CPU.ActiveCfg = Debug|Any CPU
		{9F68FC24-6F32-47C3-B2D4-C7ABB9E0A72A}.Debug|Any CPU.Build.0 = Debug|Any CPU
		{9F68FC24-6F32-47C3-B2D4-C7ABB9E0A72A}.Release|Any CPU.ActiveCfg = Release|Any CPU
		{9F68FC24-6F32-47C3-B2D4-C7ABB9E0A72A}.Release|Any CPU.Build.0 = Release|Any CPU
		{796D9F88-2E28-4654-8E6E-AA371DCA2896}.Debug|Any CPU.ActiveCfg = Debug|Any CPU
		{796D9F88-2E28-4654-8E6E-AA371DCA2896}.Debug|Any CPU.Build.0 = Debug|Any CPU
		{796D9F88-2E28-4654-8E6E-AA371DCA2896}.Release|Any CPU.ActiveCfg = Release|Any CPU
		{796D9F88-2E28-4654-8E6E-AA371DCA2896}.Release|Any CPU.Build.0 = Release|Any CPU
		{E86DC314-5F8C-4186-A7E2-5D583E293553}.Debug|Any CPU.ActiveCfg = Debug|Any CPU
		{E86DC314-5F8C-4186-A7E2-5D583E293553}.Debug|Any CPU.Build.0 = Debug|Any CPU
		{E86DC314-5F8C-4186-A7E2-5D583E293553}.Release|Any CPU.ActiveCfg = Release|Any CPU
		{E86DC314-5F8C-4186-A7E2-5D583E293553}.Release|Any CPU.Build.0 = Release|Any CPU
	EndGlobalSection
EndGlobal
