
Microsoft Visual Studio Solution File, Format Version 12.00
Project("{FAE04EC0-301F-11D3-BF4B-00C04F79EFBC}") = "Felna.Browser.DocumentObjectModel", "Felna.Browser.DocumentObjectModel\Felna.Browser.DocumentObjectModel.csproj", "{AB1D5C25-72AA-4744-B721-B5C311AF627F}"
EndProject
Project("{FAE04EC0-301F-11D3-BF4B-00C04F79EFBC}") = "Felna.Browser.DocumentParsers", "Felna.Browser.DocumentParsers\Felna.Browser.DocumentParsers.csproj", "{02043F4F-DAD5-466C-861A-D97875110609}"
EndProject
Project("{FAE04EC0-301F-11D3-BF4B-00C04F79EFBC}") = "Felna.Browser.DocumentParsers.Tests", "Felna.Browser.DocumentParsers.Tests\Felna.Browser.DocumentParsers.Tests.csproj", "{B0CD236F-9E53-42E3-BE30-FAF4CE39DE52}"
EndProject
Project("{FAE04EC0-301F-11D3-BF4B-00C04F79EFBC}") = "Felna.Browser.Parsing.Tokens", "Felna.Browser.Parsing.Tokens\Felna.Browser.Parsing.Tokens.csproj", "{08DD95D0-735E-4F54-9445-DE108945DF62}"
EndProject
Global
	GlobalSection(SolutionConfigurationPlatforms) = preSolution
		Debug|Any CPU = Debug|Any CPU
		Release|Any CPU = Release|Any CPU
	EndGlobalSection
	GlobalSection(ProjectConfigurationPlatforms) = postSolution
		{AB1D5C25-72AA-4744-B721-B5C311AF627F}.Debug|Any CPU.ActiveCfg = Debug|Any CPU
		{AB1D5C25-72AA-4744-B721-B5C311AF627F}.Debug|Any CPU.Build.0 = Debug|Any CPU
		{AB1D5C25-72AA-4744-B721-B5C311AF627F}.Release|Any CPU.ActiveCfg = Release|Any CPU
		{AB1D5C25-72AA-4744-B721-B5C311AF627F}.Release|Any CPU.Build.0 = Release|Any CPU
		{02043F4F-DAD5-466C-861A-D97875110609}.Debug|Any CPU.ActiveCfg = Debug|Any CPU
		{02043F4F-DAD5-466C-861A-D97875110609}.Debug|Any CPU.Build.0 = Debug|Any CPU
		{02043F4F-DAD5-466C-861A-D97875110609}.Release|Any CPU.ActiveCfg = Release|Any CPU
		{02043F4F-DAD5-466C-861A-D97875110609}.Release|Any CPU.Build.0 = Release|Any CPU
		{B0CD236F-9E53-42E3-BE30-FAF4CE39DE52}.Debug|Any CPU.ActiveCfg = Debug|Any CPU
		{B0CD236F-9E53-42E3-BE30-FAF4CE39DE52}.Debug|Any CPU.Build.0 = Debug|Any CPU
		{B0CD236F-9E53-42E3-BE30-FAF4CE39DE52}.Release|Any CPU.ActiveCfg = Release|Any CPU
		{B0CD236F-9E53-42E3-BE30-FAF4CE39DE52}.Release|Any CPU.Build.0 = Release|Any CPU
		{08DD95D0-735E-4F54-9445-DE108945DF62}.Debug|Any CPU.ActiveCfg = Debug|Any CPU
		{08DD95D0-735E-4F54-9445-DE108945DF62}.Debug|Any CPU.Build.0 = Debug|Any CPU
		{08DD95D0-735E-4F54-9445-DE108945DF62}.Release|Any CPU.ActiveCfg = Release|Any CPU
		{08DD95D0-735E-4F54-9445-DE108945DF62}.Release|Any CPU.Build.0 = Release|Any CPU
	EndGlobalSection
EndGlobal
